
Microsoft Visual Studio Solution File, Format Version 12.00
# Visual Studio Version 16
VisualStudioVersion = 16.0.33423.256
MinimumVisualStudioVersion = 10.0.40219.1
Project("{FAE04EC0-301F-11D3-BF4B-00C04F79EFBC}") = "NLayer.Core", "NLayer.Core\NLayer.Core.csproj", "{36B91AF3-09B7-4C00-9B79-1D318622B710}"
EndProject
Project("{FAE04EC0-301F-11D3-BF4B-00C04F79EFBC}") = "NLayer.Service", "NLayer.Service\NLayer.Service.csproj", "{1866281D-D4F5-4676-8EC8-B0C27144A624}"
EndProject
Project("{FAE04EC0-301F-11D3-BF4B-00C04F79EFBC}") = "NLayer.Repository", "NLayer.Repository\NLayer.Repository.csproj", "{6EB4B655-9245-4A3A-8719-52AF7A460DEC}"
EndProject
Project("{FAE04EC0-301F-11D3-BF4B-00C04F79EFBC}") = "NLayer.API", "NLayer.API\NLayer.API.csproj", "{074B4CF1-7282-4AF6-AAFD-0004673E0431}"
EndProject
Project("{FAE04EC0-301F-11D3-BF4B-00C04F79EFBC}") = "NLayer.Web", "NLayer.Web\NLayer.Web.csproj", "{D0066591-BB9B-4EB5-9966-EFB16FA44928}"
EndProject
Global
	GlobalSection(SolutionConfigurationPlatforms) = preSolution
		Debug|Any CPU = Debug|Any CPU
		Release|Any CPU = Release|Any CPU
	EndGlobalSection
	GlobalSection(ProjectConfigurationPlatforms) = postSolution
		{36B91AF3-09B7-4C00-9B79-1D318622B710}.Debug|Any CPU.ActiveCfg = Debug|Any CPU
		{36B91AF3-09B7-4C00-9B79-1D318622B710}.Debug|Any CPU.Build.0 = Debug|Any CPU
		{36B91AF3-09B7-4C00-9B79-1D318622B710}.Release|Any CPU.ActiveCfg = Release|Any CPU
		{36B91AF3-09B7-4C00-9B79-1D318622B710}.Release|Any CPU.Build.0 = Release|Any CPU
		{1866281D-D4F5-4676-8EC8-B0C27144A624}.Debug|Any CPU.ActiveCfg = Debug|Any CPU
		{1866281D-D4F5-4676-8EC8-B0C27144A624}.Debug|Any CPU.Build.0 = Debug|Any CPU
		{1866281D-D4F5-4676-8EC8-B0C27144A624}.Release|Any CPU.ActiveCfg = Release|Any CPU
		{1866281D-D4F5-4676-8EC8-B0C27144A624}.Release|Any CPU.Build.0 = Release|Any CPU
		{6EB4B655-9245-4A3A-8719-52AF7A460DEC}.Debug|Any CPU.ActiveCfg = Debug|Any CPU
		{6EB4B655-9245-4A3A-8719-52AF7A460DEC}.Debug|Any CPU.Build.0 = Debug|Any CPU
		{6EB4B655-9245-4A3A-8719-52AF7A460DEC}.Release|Any CPU.ActiveCfg = Release|Any CPU
		{6EB4B655-9245-4A3A-8719-52AF7A460DEC}.Release|Any CPU.Build.0 = Release|Any CPU
		{074B4CF1-7282-4AF6-AAFD-0004673E0431}.Debug|Any CPU.ActiveCfg = Debug|Any CPU
		{074B4CF1-7282-4AF6-AAFD-0004673E0431}.Debug|Any CPU.Build.0 = Debug|Any CPU
		{074B4CF1-7282-4AF6-AAFD-0004673E0431}.Release|Any CPU.ActiveCfg = Release|Any CPU
		{074B4CF1-7282-4AF6-AAFD-0004673E0431}.Release|Any CPU.Build.0 = Release|Any CPU
		{D0066591-BB9B-4EB5-9966-EFB16FA44928}.Debug|Any CPU.ActiveCfg = Debug|Any CPU
		{D0066591-BB9B-4EB5-9966-EFB16FA44928}.Debug|Any CPU.Build.0 = Debug|Any CPU
		{D0066591-BB9B-4EB5-9966-EFB16FA44928}.Release|Any CPU.ActiveCfg = Release|Any CPU
		{D0066591-BB9B-4EB5-9966-EFB16FA44928}.Release|Any CPU.Build.0 = Release|Any CPU
	EndGlobalSection
	GlobalSection(SolutionProperties) = preSolution
		HideSolutionNode = FALSE
	EndGlobalSection
	GlobalSection(ExtensibilityGlobals) = postSolution
		SolutionGuid = {B68ABBB5-F376-4DF8-AD0B-9DD811932CF4}
	EndGlobalSection
EndGlobal
